
Microsoft Visual Studio Solution File, Format Version 12.00
# Visual Studio Version 16
VisualStudioVersion = 16.0.33927.289
MinimumVisualStudioVersion = 10.0.40219.1
Project("{2150E333-8FDC-42A3-9474-1A3956D46DE8}") = "Task0", "Task0", "{E43C7964-D3DA-4200-BD4B-B5B3A1FA9705}"
EndProject
Project("{FAE04EC0-301F-11D3-BF4B-00C04F79EFBC}") = "Tyuiu.ChurinDV.Sprint3.Task0.V12", "Tyuiu.ChurinDV.Sprint3.Task0.V12\Tyuiu.ChurinDV.Sprint3.Task0.V12.csproj", "{A0786196-672E-4EE6-AD92-0F3E09A78648}"
EndProject
Project("{FAE04EC0-301F-11D3-BF4B-00C04F79EFBC}") = "Tyuiu.ChurinDV.Sprint3.Task0.V12.Lib", "Tyuiu.ChurinDV.Sprint3.Task0.V12.Lib\Tyuiu.ChurinDV.Sprint3.Task0.V12.Lib.csproj", "{D9844779-27E0-4CC4-A0FA-ECCDB446D328}"
EndProject
Project("{FAE04EC0-301F-11D3-BF4B-00C04F79EFBC}") = "Tyuiu.ChurinDV.Sprint3.Task0.V12.Test", "Tyuiu.ChurinDV.Sprint3.Task0.V12.Test\Tyuiu.ChurinDV.Sprint3.Task0.V12.Test.csproj", "{D87096DE-7A14-421B-9DA8-A7B1E11A900F}"
EndProject
Project("{2150E333-8FDC-42A3-9474-1A3956D46DE8}") = "Task1", "Task1", "{698CBDDC-FD67-4BF1-B928-154EBADB515A}"
EndProject
Project("{FAE04EC0-301F-11D3-BF4B-00C04F79EFBC}") = "Tyuiu.ChurinDV.Sprint3.Task1.V23", "Tyuiu.ChurinDV.Sprint3.Task1.V23\Tyuiu.ChurinDV.Sprint3.Task1.V23.csproj", "{50EFC596-19BC-4BA7-A7CF-21B69B9795F4}"
EndProject
Project("{FAE04EC0-301F-11D3-BF4B-00C04F79EFBC}") = "Tyuiu.ChurinDV.Sprint3.Task1.V23.Lib", "Tyuiu.ChurinDV.Sprint3.Task1.V23.Lib\Tyuiu.ChurinDV.Sprint3.Task1.V23.Lib.csproj", "{0B8347AC-3B72-45C7-A47D-32B2A1FAE1EB}"
EndProject
Project("{FAE04EC0-301F-11D3-BF4B-00C04F79EFBC}") = "Tyuiu.ChurinDV.Sprint3.Task1.V23.Test", "Tyuiu.ChurinDV.Sprint3.Task1.V23.Test\Tyuiu.ChurinDV.Sprint3.Task1.V23.Test.csproj", "{2D7FA249-8C98-4FBE-9A8C-B993A0EFF967}"
EndProject
Global
	GlobalSection(SolutionConfigurationPlatforms) = preSolution
		Debug|Any CPU = Debug|Any CPU
		Release|Any CPU = Release|Any CPU
	EndGlobalSection
	GlobalSection(ProjectConfigurationPlatforms) = postSolution
		{A0786196-672E-4EE6-AD92-0F3E09A78648}.Debug|Any CPU.ActiveCfg = Debug|Any CPU
		{A0786196-672E-4EE6-AD92-0F3E09A78648}.Debug|Any CPU.Build.0 = Debug|Any CPU
		{A0786196-672E-4EE6-AD92-0F3E09A78648}.Release|Any CPU.ActiveCfg = Release|Any CPU
		{A0786196-672E-4EE6-AD92-0F3E09A78648}.Release|Any CPU.Build.0 = Release|Any CPU
		{D9844779-27E0-4CC4-A0FA-ECCDB446D328}.Debug|Any CPU.ActiveCfg = Debug|Any CPU
		{D9844779-27E0-4CC4-A0FA-ECCDB446D328}.Debug|Any CPU.Build.0 = Debug|Any CPU
		{D9844779-27E0-4CC4-A0FA-ECCDB446D328}.Release|Any CPU.ActiveCfg = Release|Any CPU
		{D9844779-27E0-4CC4-A0FA-ECCDB446D328}.Release|Any CPU.Build.0 = Release|Any CPU
		{D87096DE-7A14-421B-9DA8-A7B1E11A900F}.Debug|Any CPU.ActiveCfg = Debug|Any CPU
		{D87096DE-7A14-421B-9DA8-A7B1E11A900F}.Debug|Any CPU.Build.0 = Debug|Any CPU
		{D87096DE-7A14-421B-9DA8-A7B1E11A900F}.Release|Any CPU.ActiveCfg = Release|Any CPU
		{D87096DE-7A14-421B-9DA8-A7B1E11A900F}.Release|Any CPU.Build.0 = Release|Any CPU
		{50EFC596-19BC-4BA7-A7CF-21B69B9795F4}.Debug|Any CPU.ActiveCfg = Debug|Any CPU
		{50EFC596-19BC-4BA7-A7CF-21B69B9795F4}.Debug|Any CPU.Build.0 = Debug|Any CPU
		{50EFC596-19BC-4BA7-A7CF-21B69B9795F4}.Release|Any CPU.ActiveCfg = Release|Any CPU
		{50EFC596-19BC-4BA7-A7CF-21B69B9795F4}.Release|Any CPU.Build.0 = Release|Any CPU
		{0B8347AC-3B72-45C7-A47D-32B2A1FAE1EB}.Debug|Any CPU.ActiveCfg = Debug|Any CPU
		{0B8347AC-3B72-45C7-A47D-32B2A1FAE1EB}.Debug|Any CPU.Build.0 = Debug|Any CPU
		{0B8347AC-3B72-45C7-A47D-32B2A1FAE1EB}.Release|Any CPU.ActiveCfg = Release|Any CPU
		{0B8347AC-3B72-45C7-A47D-32B2A1FAE1EB}.Release|Any CPU.Build.0 = Release|Any CPU
		{2D7FA249-8C98-4FBE-9A8C-B993A0EFF967}.Debug|Any CPU.ActiveCfg = Debug|Any CPU
		{2D7FA249-8C98-4FBE-9A8C-B993A0EFF967}.Debug|Any CPU.Build.0 = Debug|Any CPU
		{2D7FA249-8C98-4FBE-9A8C-B993A0EFF967}.Release|Any CPU.ActiveCfg = Release|Any CPU
		{2D7FA249-8C98-4FBE-9A8C-B993A0EFF967}.Release|Any CPU.Build.0 = Release|Any CPU
	EndGlobalSection
	GlobalSection(SolutionProperties) = preSolution
		HideSolutionNode = FALSE
	EndGlobalSection
	GlobalSection(NestedProjects) = preSolution
		{A0786196-672E-4EE6-AD92-0F3E09A78648} = {E43C7964-D3DA-4200-BD4B-B5B3A1FA9705}
		{D9844779-27E0-4CC4-A0FA-ECCDB446D328} = {E43C7964-D3DA-4200-BD4B-B5B3A1FA9705}
		{D87096DE-7A14-421B-9DA8-A7B1E11A900F} = {E43C7964-D3DA-4200-BD4B-B5B3A1FA9705}
		{50EFC596-19BC-4BA7-A7CF-21B69B9795F4} = {698CBDDC-FD67-4BF1-B928-154EBADB515A}
		{0B8347AC-3B72-45C7-A47D-32B2A1FAE1EB} = {698CBDDC-FD67-4BF1-B928-154EBADB515A}
		{2D7FA249-8C98-4FBE-9A8C-B993A0EFF967} = {698CBDDC-FD67-4BF1-B928-154EBADB515A}
	EndGlobalSection
	GlobalSection(ExtensibilityGlobals) = postSolution
		SolutionGuid = {4C299E82-6918-4766-ABB2-DF06D925A154}
	EndGlobalSection
EndGlobal
