
Microsoft Visual Studio Solution File, Format Version 12.00
# Visual Studio Version 16
VisualStudioVersion = 16.0.33927.289
MinimumVisualStudioVersion = 10.0.40219.1
Project("{2150E333-8FDC-42A3-9474-1A3956D46DE8}") = "Task0", "Task0", "{E43C7964-D3DA-4200-BD4B-B5B3A1FA9705}"
EndProject
Project("{FAE04EC0-301F-11D3-BF4B-00C04F79EFBC}") = "Tyuiu.ChurinDV.Sprint3.Task0.V12", "Tyuiu.ChurinDV.Sprint3.Task0.V12\Tyuiu.ChurinDV.Sprint3.Task0.V12.csproj", "{A0786196-672E-4EE6-AD92-0F3E09A78648}"
EndProject
Project("{FAE04EC0-301F-11D3-BF4B-00C04F79EFBC}") = "Tyuiu.ChurinDV.Sprint3.Task0.V12.Lib", "Tyuiu.ChurinDV.Sprint3.Task0.V12.Lib\Tyuiu.ChurinDV.Sprint3.Task0.V12.Lib.csproj", "{D9844779-27E0-4CC4-A0FA-ECCDB446D328}"
EndProject
Project("{FAE04EC0-301F-11D3-BF4B-00C04F79EFBC}") = "Tyuiu.ChurinDV.Sprint3.Task0.V12.Test", "Tyuiu.ChurinDV.Sprint3.Task0.V12.Test\Tyuiu.ChurinDV.Sprint3.Task0.V12.Test.csproj", "{D87096DE-7A14-421B-9DA8-A7B1E11A900F}"
EndProject
Project("{2150E333-8FDC-42A3-9474-1A3956D46DE8}") = "Task1", "Task1", "{698CBDDC-FD67-4BF1-B928-154EBADB515A}"
EndProject
Project("{FAE04EC0-301F-11D3-BF4B-00C04F79EFBC}") = "Tyuiu.ChurinDV.Sprint3.Task1.V23", "Tyuiu.ChurinDV.Sprint3.Task1.V23\Tyuiu.ChurinDV.Sprint3.Task1.V23.csproj", "{50EFC596-19BC-4BA7-A7CF-21B69B9795F4}"
EndProject
Project("{FAE04EC0-301F-11D3-BF4B-00C04F79EFBC}") = "Tyuiu.ChurinDV.Sprint3.Task1.V23.Lib", "Tyuiu.ChurinDV.Sprint3.Task1.V23.Lib\Tyuiu.ChurinDV.Sprint3.Task1.V23.Lib.csproj", "{0B8347AC-3B72-45C7-A47D-32B2A1FAE1EB}"
EndProject
Project("{FAE04EC0-301F-11D3-BF4B-00C04F79EFBC}") = "Tyuiu.ChurinDV.Sprint3.Task1.V23.Test", "Tyuiu.ChurinDV.Sprint3.Task1.V23.Test\Tyuiu.ChurinDV.Sprint3.Task1.V23.Test.csproj", "{2D7FA249-8C98-4FBE-9A8C-B993A0EFF967}"
EndProject
Project("{2150E333-8FDC-42A3-9474-1A3956D46DE8}") = "Task2", "Task2", "{0C0412C1-E74D-45FB-882C-1C7EA63EA170}"
EndProject
Project("{FAE04EC0-301F-11D3-BF4B-00C04F79EFBC}") = "Tyuiu.ChurinDV.Sprint3.Task2.V8", "Tyuiu.ChurinDV.Sprint3.Task2.V8\Tyuiu.ChurinDV.Sprint3.Task2.V8.csproj", "{4B3639F5-1A45-4A8E-8BFE-8F1A8CB026BA}"
EndProject
Project("{FAE04EC0-301F-11D3-BF4B-00C04F79EFBC}") = "Tyuiu.ChurinDV.Sprint3.Task2.V8.Lib", "Tyuiu.ChurinDV.Sprint3.Task2.V8.Lib\Tyuiu.ChurinDV.Sprint3.Task2.V8.Lib.csproj", "{D294F8D9-77FC-4988-A8EC-DEC618D0F029}"
EndProject
Project("{FAE04EC0-301F-11D3-BF4B-00C04F79EFBC}") = "Tyuiu.ChurinDV.Sprint3.Task2.V8.Test", "Tyuiu.ChurinDV.Sprint3.Task2.V8.Test\Tyuiu.ChurinDV.Sprint3.Task2.V8.Test.csproj", "{DB5A00F9-410A-41D9-9F8C-8B546CE3C3F9}"
EndProject
Project("{2150E333-8FDC-42A3-9474-1A3956D46DE8}") = "Task3", "Task3", "{E621B1D7-B70A-4144-8637-5A4C7A9620C7}"
EndProject
Project("{FAE04EC0-301F-11D3-BF4B-00C04F79EFBC}") = "Tyuiu.ChurinDV.Sprint3.Task3.V1", "Tyuiu.ChurinDV.Sprint3.Task3.V1\Tyuiu.ChurinDV.Sprint3.Task3.V1.csproj", "{45AA798F-93A7-40D0-9F49-22B79BD75F93}"
EndProject
Project("{FAE04EC0-301F-11D3-BF4B-00C04F79EFBC}") = "Tyuiu.ChurinDV.Sprint3.Task3.V1.Lib", "Tyuiu.ChurinDV.Sprint3.Task3.V1.Lib\Tyuiu.ChurinDV.Sprint3.Task3.V1.Lib.csproj", "{2C6E1BB5-BE49-4441-A596-7953E31D847C}"
EndProject
Project("{FAE04EC0-301F-11D3-BF4B-00C04F79EFBC}") = "Tyuiu.ChurinDV.Sprint3.Task3.V1.Test", "Tyuiu.ChurinDV.Sprint3.Task3.V1.Test\Tyuiu.ChurinDV.Sprint3.Task3.V1.Test.csproj", "{B726BC27-2A63-4D56-8A5E-F3857D8C692C}"
EndProject
Project("{2150E333-8FDC-42A3-9474-1A3956D46DE8}") = "Task4", "Task4", "{330C9C58-F4EF-4DEA-A919-0D1B6706A46F}"
EndProject
Project("{FAE04EC0-301F-11D3-BF4B-00C04F79EFBC}") = "Tyuiu.ChurinDV.Sprint3.Task4.V4", "Tyuiu.ChurinDV.Sprint3.Task4.V4\Tyuiu.ChurinDV.Sprint3.Task4.V4.csproj", "{9EABD3AF-07CA-47FC-9F40-E3DF79BE6AA7}"
EndProject
Project("{FAE04EC0-301F-11D3-BF4B-00C04F79EFBC}") = "Tyuiu.ChurinDV.Sprint3.Task4.V4.Lib", "Tyuiu.ChurinDV.Sprint3.Task4.V4.Lib\Tyuiu.ChurinDV.Sprint3.Task4.V4.Lib.csproj", "{19C2F324-B160-4965-885B-92D9884B6604}"
EndProject
Project("{FAE04EC0-301F-11D3-BF4B-00C04F79EFBC}") = "Tyuiu.ChurinDV.Sprint3.Task4.V4.Test", "Tyuiu.ChurinDV.Sprint3.Task4.V4.Test\Tyuiu.ChurinDV.Sprint3.Task4.V4.Test.csproj", "{E105AE02-BEA2-427E-91D3-039E63199200}"
EndProject
Global
	GlobalSection(SolutionConfigurationPlatforms) = preSolution
		Debug|Any CPU = Debug|Any CPU
		Release|Any CPU = Release|Any CPU
	EndGlobalSection
	GlobalSection(ProjectConfigurationPlatforms) = postSolution
		{A0786196-672E-4EE6-AD92-0F3E09A78648}.Debug|Any CPU.ActiveCfg = Debug|Any CPU
		{A0786196-672E-4EE6-AD92-0F3E09A78648}.Debug|Any CPU.Build.0 = Debug|Any CPU
		{A0786196-672E-4EE6-AD92-0F3E09A78648}.Release|Any CPU.ActiveCfg = Release|Any CPU
		{A0786196-672E-4EE6-AD92-0F3E09A78648}.Release|Any CPU.Build.0 = Release|Any CPU
		{D9844779-27E0-4CC4-A0FA-ECCDB446D328}.Debug|Any CPU.ActiveCfg = Debug|Any CPU
		{D9844779-27E0-4CC4-A0FA-ECCDB446D328}.Debug|Any CPU.Build.0 = Debug|Any CPU
		{D9844779-27E0-4CC4-A0FA-ECCDB446D328}.Release|Any CPU.ActiveCfg = Release|Any CPU
		{D9844779-27E0-4CC4-A0FA-ECCDB446D328}.Release|Any CPU.Build.0 = Release|Any CPU
		{D87096DE-7A14-421B-9DA8-A7B1E11A900F}.Debug|Any CPU.ActiveCfg = Debug|Any CPU
		{D87096DE-7A14-421B-9DA8-A7B1E11A900F}.Debug|Any CPU.Build.0 = Debug|Any CPU
		{D87096DE-7A14-421B-9DA8-A7B1E11A900F}.Release|Any CPU.ActiveCfg = Release|Any CPU
		{D87096DE-7A14-421B-9DA8-A7B1E11A900F}.Release|Any CPU.Build.0 = Release|Any CPU
		{50EFC596-19BC-4BA7-A7CF-21B69B9795F4}.Debug|Any CPU.ActiveCfg = Debug|Any CPU
		{50EFC596-19BC-4BA7-A7CF-21B69B9795F4}.Debug|Any CPU.Build.0 = Debug|Any CPU
		{50EFC596-19BC-4BA7-A7CF-21B69B9795F4}.Release|Any CPU.ActiveCfg = Release|Any CPU
		{50EFC596-19BC-4BA7-A7CF-21B69B9795F4}.Release|Any CPU.Build.0 = Release|Any CPU
		{0B8347AC-3B72-45C7-A47D-32B2A1FAE1EB}.Debug|Any CPU.ActiveCfg = Debug|Any CPU
		{0B8347AC-3B72-45C7-A47D-32B2A1FAE1EB}.Debug|Any CPU.Build.0 = Debug|Any CPU
		{0B8347AC-3B72-45C7-A47D-32B2A1FAE1EB}.Release|Any CPU.ActiveCfg = Release|Any CPU
		{0B8347AC-3B72-45C7-A47D-32B2A1FAE1EB}.Release|Any CPU.Build.0 = Release|Any CPU
		{2D7FA249-8C98-4FBE-9A8C-B993A0EFF967}.Debug|Any CPU.ActiveCfg = Debug|Any CPU
		{2D7FA249-8C98-4FBE-9A8C-B993A0EFF967}.Debug|Any CPU.Build.0 = Debug|Any CPU
		{2D7FA249-8C98-4FBE-9A8C-B993A0EFF967}.Release|Any CPU.ActiveCfg = Release|Any CPU
		{2D7FA249-8C98-4FBE-9A8C-B993A0EFF967}.Release|Any CPU.Build.0 = Release|Any CPU
		{4B3639F5-1A45-4A8E-8BFE-8F1A8CB026BA}.Debug|Any CPU.ActiveCfg = Debug|Any CPU
		{4B3639F5-1A45-4A8E-8BFE-8F1A8CB026BA}.Debug|Any CPU.Build.0 = Debug|Any CPU
		{4B3639F5-1A45-4A8E-8BFE-8F1A8CB026BA}.Release|Any CPU.ActiveCfg = Release|Any CPU
		{4B3639F5-1A45-4A8E-8BFE-8F1A8CB026BA}.Release|Any CPU.Build.0 = Release|Any CPU
		{D294F8D9-77FC-4988-A8EC-DEC618D0F029}.Debug|Any CPU.ActiveCfg = Debug|Any CPU
		{D294F8D9-77FC-4988-A8EC-DEC618D0F029}.Debug|Any CPU.Build.0 = Debug|Any CPU
		{D294F8D9-77FC-4988-A8EC-DEC618D0F029}.Release|Any CPU.ActiveCfg = Release|Any CPU
		{D294F8D9-77FC-4988-A8EC-DEC618D0F029}.Release|Any CPU.Build.0 = Release|Any CPU
		{DB5A00F9-410A-41D9-9F8C-8B546CE3C3F9}.Debug|Any CPU.ActiveCfg = Debug|Any CPU
		{DB5A00F9-410A-41D9-9F8C-8B546CE3C3F9}.Debug|Any CPU.Build.0 = Debug|Any CPU
		{DB5A00F9-410A-41D9-9F8C-8B546CE3C3F9}.Release|Any CPU.ActiveCfg = Release|Any CPU
		{DB5A00F9-410A-41D9-9F8C-8B546CE3C3F9}.Release|Any CPU.Build.0 = Release|Any CPU
		{45AA798F-93A7-40D0-9F49-22B79BD75F93}.Debug|Any CPU.ActiveCfg = Debug|Any CPU
		{45AA798F-93A7-40D0-9F49-22B79BD75F93}.Debug|Any CPU.Build.0 = Debug|Any CPU
		{45AA798F-93A7-40D0-9F49-22B79BD75F93}.Release|Any CPU.ActiveCfg = Release|Any CPU
		{45AA798F-93A7-40D0-9F49-22B79BD75F93}.Release|Any CPU.Build.0 = Release|Any CPU
		{2C6E1BB5-BE49-4441-A596-7953E31D847C}.Debug|Any CPU.ActiveCfg = Debug|Any CPU
		{2C6E1BB5-BE49-4441-A596-7953E31D847C}.Debug|Any CPU.Build.0 = Debug|Any CPU
		{2C6E1BB5-BE49-4441-A596-7953E31D847C}.Release|Any CPU.ActiveCfg = Release|Any CPU
		{2C6E1BB5-BE49-4441-A596-7953E31D847C}.Release|Any CPU.Build.0 = Release|Any CPU
		{B726BC27-2A63-4D56-8A5E-F3857D8C692C}.Debug|Any CPU.ActiveCfg = Debug|Any CPU
		{B726BC27-2A63-4D56-8A5E-F3857D8C692C}.Debug|Any CPU.Build.0 = Debug|Any CPU
		{B726BC27-2A63-4D56-8A5E-F3857D8C692C}.Release|Any CPU.ActiveCfg = Release|Any CPU
		{B726BC27-2A63-4D56-8A5E-F3857D8C692C}.Release|Any CPU.Build.0 = Release|Any CPU
		{9EABD3AF-07CA-47FC-9F40-E3DF79BE6AA7}.Debug|Any CPU.ActiveCfg = Debug|Any CPU
		{9EABD3AF-07CA-47FC-9F40-E3DF79BE6AA7}.Debug|Any CPU.Build.0 = Debug|Any CPU
		{9EABD3AF-07CA-47FC-9F40-E3DF79BE6AA7}.Release|Any CPU.ActiveCfg = Release|Any CPU
		{9EABD3AF-07CA-47FC-9F40-E3DF79BE6AA7}.Release|Any CPU.Build.0 = Release|Any CPU
		{19C2F324-B160-4965-885B-92D9884B6604}.Debug|Any CPU.ActiveCfg = Debug|Any CPU
		{19C2F324-B160-4965-885B-92D9884B6604}.Debug|Any CPU.Build.0 = Debug|Any CPU
		{19C2F324-B160-4965-885B-92D9884B6604}.Release|Any CPU.ActiveCfg = Release|Any CPU
		{19C2F324-B160-4965-885B-92D9884B6604}.Release|Any CPU.Build.0 = Release|Any CPU
		{E105AE02-BEA2-427E-91D3-039E63199200}.Debug|Any CPU.ActiveCfg = Debug|Any CPU
		{E105AE02-BEA2-427E-91D3-039E63199200}.Debug|Any CPU.Build.0 = Debug|Any CPU
		{E105AE02-BEA2-427E-91D3-039E63199200}.Release|Any CPU.ActiveCfg = Release|Any CPU
		{E105AE02-BEA2-427E-91D3-039E63199200}.Release|Any CPU.Build.0 = Release|Any CPU
	EndGlobalSection
	GlobalSection(SolutionProperties) = preSolution
		HideSolutionNode = FALSE
	EndGlobalSection
	GlobalSection(NestedProjects) = preSolution
		{A0786196-672E-4EE6-AD92-0F3E09A78648} = {E43C7964-D3DA-4200-BD4B-B5B3A1FA9705}
		{D9844779-27E0-4CC4-A0FA-ECCDB446D328} = {E43C7964-D3DA-4200-BD4B-B5B3A1FA9705}
		{D87096DE-7A14-421B-9DA8-A7B1E11A900F} = {E43C7964-D3DA-4200-BD4B-B5B3A1FA9705}
		{50EFC596-19BC-4BA7-A7CF-21B69B9795F4} = {698CBDDC-FD67-4BF1-B928-154EBADB515A}
		{0B8347AC-3B72-45C7-A47D-32B2A1FAE1EB} = {698CBDDC-FD67-4BF1-B928-154EBADB515A}
		{2D7FA249-8C98-4FBE-9A8C-B993A0EFF967} = {698CBDDC-FD67-4BF1-B928-154EBADB515A}
		{4B3639F5-1A45-4A8E-8BFE-8F1A8CB026BA} = {0C0412C1-E74D-45FB-882C-1C7EA63EA170}
		{D294F8D9-77FC-4988-A8EC-DEC618D0F029} = {0C0412C1-E74D-45FB-882C-1C7EA63EA170}
		{DB5A00F9-410A-41D9-9F8C-8B546CE3C3F9} = {0C0412C1-E74D-45FB-882C-1C7EA63EA170}
		{45AA798F-93A7-40D0-9F49-22B79BD75F93} = {E621B1D7-B70A-4144-8637-5A4C7A9620C7}
		{2C6E1BB5-BE49-4441-A596-7953E31D847C} = {E621B1D7-B70A-4144-8637-5A4C7A9620C7}
		{B726BC27-2A63-4D56-8A5E-F3857D8C692C} = {E621B1D7-B70A-4144-8637-5A4C7A9620C7}
		{9EABD3AF-07CA-47FC-9F40-E3DF79BE6AA7} = {330C9C58-F4EF-4DEA-A919-0D1B6706A46F}
		{19C2F324-B160-4965-885B-92D9884B6604} = {330C9C58-F4EF-4DEA-A919-0D1B6706A46F}
		{E105AE02-BEA2-427E-91D3-039E63199200} = {330C9C58-F4EF-4DEA-A919-0D1B6706A46F}
	EndGlobalSection
	GlobalSection(ExtensibilityGlobals) = postSolution
		SolutionGuid = {4C299E82-6918-4766-ABB2-DF06D925A154}
	EndGlobalSection
EndGlobal
